
Microsoft Visual Studio Solution File, Format Version 12.00
# Visual Studio Version 17
VisualStudioVersion = 17.3.32804.467
MinimumVisualStudioVersion = 10.0.40219.1
Project("{9A19103F-16F7-4668-BE54-9A1E7A4F7556}") = "Rogue", "Rogue\Rogue.csproj", "{947D314E-CB6F-4574-AB69-7FF282F6FCFD}"
EndProject
Project("{9A19103F-16F7-4668-BE54-9A1E7A4F7556}") = "TurboMapReader", "..\TurboMapReader\TurboMapReader.csproj", "{92D78EBD-5F8B-4F97-81FD-54FB3913226D}"
EndProject
Project("{9A19103F-16F7-4668-BE54-9A1E7A4F7556}") = "RayGuiCreator", "..\..\RayGuiCreator\RayGuiCreator\RayGuiCreator.csproj", "{99BB6194-30D0-4289-A6F7-4537D311EF05}"
EndProject
Global
	GlobalSection(SolutionConfigurationPlatforms) = preSolution
		Debug|Any CPU = Debug|Any CPU
		Release|Any CPU = Release|Any CPU
	EndGlobalSection
	GlobalSection(ProjectConfigurationPlatforms) = postSolution
		{947D314E-CB6F-4574-AB69-7FF282F6FCFD}.Debug|Any CPU.ActiveCfg = Debug|Any CPU
		{947D314E-CB6F-4574-AB69-7FF282F6FCFD}.Debug|Any CPU.Build.0 = Debug|Any CPU
		{947D314E-CB6F-4574-AB69-7FF282F6FCFD}.Release|Any CPU.ActiveCfg = Release|Any CPU
		{947D314E-CB6F-4574-AB69-7FF282F6FCFD}.Release|Any CPU.Build.0 = Release|Any CPU
		{92D78EBD-5F8B-4F97-81FD-54FB3913226D}.Debug|Any CPU.ActiveCfg = Debug|Any CPU
		{92D78EBD-5F8B-4F97-81FD-54FB3913226D}.Debug|Any CPU.Build.0 = Debug|Any CPU
		{92D78EBD-5F8B-4F97-81FD-54FB3913226D}.Release|Any CPU.ActiveCfg = Release|Any CPU
		{92D78EBD-5F8B-4F97-81FD-54FB3913226D}.Release|Any CPU.Build.0 = Release|Any CPU
		{99BB6194-30D0-4289-A6F7-4537D311EF05}.Debug|Any CPU.ActiveCfg = Debug|Any CPU
		{99BB6194-30D0-4289-A6F7-4537D311EF05}.Debug|Any CPU.Build.0 = Debug|Any CPU
		{99BB6194-30D0-4289-A6F7-4537D311EF05}.Release|Any CPU.ActiveCfg = Release|Any CPU
		{99BB6194-30D0-4289-A6F7-4537D311EF05}.Release|Any CPU.Build.0 = Release|Any CPU
	EndGlobalSection
	GlobalSection(SolutionProperties) = preSolution
		HideSolutionNode = FALSE
	EndGlobalSection
	GlobalSection(ExtensibilityGlobals) = postSolution
		SolutionGuid = {CCED919D-192A-4F81-882F-DF9020837670}
	EndGlobalSection
EndGlobal
